// !$*UTF8*$!
{
	archiveVersion = 1;
	classes = {
	};
	objectVersion = 56;
	objects = {

/* Begin PBXBuildFile section */
		921585E42A92C3A3004C7AF0 /* Bundle-Decodable.swift in Sources */ = {isa = PBXBuildFile; fileRef = 921585E32A92C3A3004C7AF0 /* Bundle-Decodable.swift */; };
		921585E82A92C40D004C7AF0 /* Colors.xcassets in Resources */ = {isa = PBXBuildFile; fileRef = 921585E72A92C40D004C7AF0 /* Colors.xcassets */; };
		921585EA2A92C4A8004C7AF0 /* Award.swift in Sources */ = {isa = PBXBuildFile; fileRef = 921585E92A92C4A8004C7AF0 /* Award.swift */; };
		921585EC2A92C54C004C7AF0 /* AwardsView.swift in Sources */ = {isa = PBXBuildFile; fileRef = 921585EB2A92C54C004C7AF0 /* AwardsView.swift */; };
		922AA7C62A88276000CB8ABA /* Issue-CoreDataHelpers.swift in Sources */ = {isa = PBXBuildFile; fileRef = 922AA7C52A88276000CB8ABA /* Issue-CoreDataHelpers.swift */; };
		922AA7C82A8828E500CB8ABA /* Tag-CoreDataHelpers.swift in Sources */ = {isa = PBXBuildFile; fileRef = 922AA7C72A8828E500CB8ABA /* Tag-CoreDataHelpers.swift */; };
		922AA7CA2A88306C00CB8ABA /* IssueRow.swift in Sources */ = {isa = PBXBuildFile; fileRef = 922AA7C92A88306C00CB8ABA /* IssueRow.swift */; };
		922AA7CC2A88370100CB8ABA /* IssueView.swift in Sources */ = {isa = PBXBuildFile; fileRef = 922AA7CB2A88370100CB8ABA /* IssueView.swift */; };
		922AA7CE2A88370800CB8ABA /* NoIssueView.swift in Sources */ = {isa = PBXBuildFile; fileRef = 922AA7CD2A88370800CB8ABA /* NoIssueView.swift */; };
		924647CC2A881DDE0087AC70 /* SidebarView.swift in Sources */ = {isa = PBXBuildFile; fileRef = 924647CB2A881DDE0087AC70 /* SidebarView.swift */; };
		924647CE2A881DE50087AC70 /* DetailView.swift in Sources */ = {isa = PBXBuildFile; fileRef = 924647CD2A881DE50087AC70 /* DetailView.swift */; };
		924647D02A881F040087AC70 /* Filter.swift in Sources */ = {isa = PBXBuildFile; fileRef = 924647CF2A881F040087AC70 /* Filter.swift */; };
		928E77C52A9A7DA8006BD613 /* PortfolioUITests.swift in Sources */ = {isa = PBXBuildFile; fileRef = 928E77C42A9A7DA8006BD613 /* PortfolioUITests.swift */; };
		928E77C72A9A7DA8006BD613 /* PortfolioUITestsLaunchTests.swift in Sources */ = {isa = PBXBuildFile; fileRef = 928E77C62A9A7DA8006BD613 /* PortfolioUITestsLaunchTests.swift */; };
		92D2AF362A7EE9A000FC7890 /* Main.xcdatamodeld in Sources */ = {isa = PBXBuildFile; fileRef = 92D2AF342A7EE9A000FC7890 /* Main.xcdatamodeld */; };
		92D2AF382A7EED4E00FC7890 /* DataController.swift in Sources */ = {isa = PBXBuildFile; fileRef = 92D2AF372A7EED4E00FC7890 /* DataController.swift */; };
		92D2F1E82A9A2DA1008110A1 /* Localizable.strings in Resources */ = {isa = PBXBuildFile; fileRef = 92D2F1E22A9A2DA1008110A1 /* Localizable.strings */; };
		92D2F1E92A9A2DA1008110A1 /* Awards.json in Resources */ = {isa = PBXBuildFile; fileRef = 92D2F1E42A9A2DA1008110A1 /* Awards.json */; };
		92D2F1EA2A9A2DA1008110A1 /* Localizable.stringsdict in Resources */ = {isa = PBXBuildFile; fileRef = 92D2F1E62A9A2DA1008110A1 /* Localizable.stringsdict */; };
		92D2F1EF2A9A31A3008110A1 /* SidebarViewToolbar.swift in Sources */ = {isa = PBXBuildFile; fileRef = 92D2F1EE2A9A31A3008110A1 /* SidebarViewToolbar.swift */; };
		92D2F1F12A9A33A3008110A1 /* IssueViewToolbar.swift in Sources */ = {isa = PBXBuildFile; fileRef = 92D2F1F02A9A33A3008110A1 /* IssueViewToolbar.swift */; };
		92D2F1F32A9A3420008110A1 /* ContentViewToolbar.swift in Sources */ = {isa = PBXBuildFile; fileRef = 92D2F1F22A9A3420008110A1 /* ContentViewToolbar.swift */; };
		92D2F1F52A9A35A8008110A1 /* TagsMenuView.swift in Sources */ = {isa = PBXBuildFile; fileRef = 92D2F1F42A9A35A8008110A1 /* TagsMenuView.swift */; };
		92D2F1F72A9A36F8008110A1 /* SmartFilterRow.swift in Sources */ = {isa = PBXBuildFile; fileRef = 92D2F1F62A9A36F8008110A1 /* SmartFilterRow.swift */; };
		92D2F1F92A9A3741008110A1 /* UserFilterRow.swift in Sources */ = {isa = PBXBuildFile; fileRef = 92D2F1F82A9A3741008110A1 /* UserFilterRow.swift */; };
		92D2F20B2A9A6263008110A1 /* PortfolioTests.swift in Sources */ = {isa = PBXBuildFile; fileRef = 92D2F20A2A9A6263008110A1 /* PortfolioTests.swift */; };
		92D2F2122A9A6557008110A1 /* AssetTests.swift in Sources */ = {isa = PBXBuildFile; fileRef = 92D2F2112A9A6557008110A1 /* AssetTests.swift */; };
		92D2F2142A9A6708008110A1 /* TagTests.swift in Sources */ = {isa = PBXBuildFile; fileRef = 92D2F2132A9A6708008110A1 /* TagTests.swift */; };
		92D2F2162A9A69D0008110A1 /* AwardsTest.swift in Sources */ = {isa = PBXBuildFile; fileRef = 92D2F2152A9A69D0008110A1 /* AwardsTest.swift */; };
		92D2F2182A9A6DDF008110A1 /* DevelopmentTests.swift in Sources */ = {isa = PBXBuildFile; fileRef = 92D2F2172A9A6DDF008110A1 /* DevelopmentTests.swift */; };
		92D2F21A2A9A6FF8008110A1 /* ExtensionTests.swift in Sources */ = {isa = PBXBuildFile; fileRef = 92D2F2192A9A6FF8008110A1 /* ExtensionTests.swift */; };
		92D2F21D2A9A7829008110A1 /* DecodableDictionary.json in Resources */ = {isa = PBXBuildFile; fileRef = 92D2F21C2A9A7829008110A1 /* DecodableDictionary.json */; };
		92D2F21F2A9A7845008110A1 /* DecodableString.json in Resources */ = {isa = PBXBuildFile; fileRef = 92D2F21E2A9A7845008110A1 /* DecodableString.json */; };
		92D2F2212A9A7AC0008110A1 /* PerformanceTests.swift in Sources */ = {isa = PBXBuildFile; fileRef = 92D2F2202A9A7AC0008110A1 /* PerformanceTests.swift */; };
		92E76B662A7E7F5A000129B8 /* PortfolioApp.swift in Sources */ = {isa = PBXBuildFile; fileRef = 92E76B652A7E7F5A000129B8 /* PortfolioApp.swift */; };
		92E76B682A7E7F5A000129B8 /* ContentView.swift in Sources */ = {isa = PBXBuildFile; fileRef = 92E76B672A7E7F5A000129B8 /* ContentView.swift */; };
		92E76B6A2A7E7F5D000129B8 /* Assets.xcassets in Resources */ = {isa = PBXBuildFile; fileRef = 92E76B692A7E7F5D000129B8 /* Assets.xcassets */; };
		92E76B6E2A7E7F5D000129B8 /* Preview Assets.xcassets in Resources */ = {isa = PBXBuildFile; fileRef = 92E76B6D2A7E7F5D000129B8 /* Preview Assets.xcassets */; };
/* End PBXBuildFile section */

/* Begin PBXContainerItemProxy section */
		928E77C82A9A7DA8006BD613 /* PBXContainerItemProxy */ = {
			isa = PBXContainerItemProxy;
			containerPortal = 92E76B5A2A7E7F5A000129B8 /* Project object */;
			proxyType = 1;
			remoteGlobalIDString = 92E76B612A7E7F5A000129B8;
			remoteInfo = Portfolio;
		};
		92D2F20C2A9A6263008110A1 /* PBXContainerItemProxy */ = {
			isa = PBXContainerItemProxy;
			containerPortal = 92E76B5A2A7E7F5A000129B8 /* Project object */;
			proxyType = 1;
			remoteGlobalIDString = 92E76B612A7E7F5A000129B8;
			remoteInfo = Portfolio;
		};
/* End PBXContainerItemProxy section */

/* Begin PBXFileReference section */
		921585E32A92C3A3004C7AF0 /* Bundle-Decodable.swift */ = {isa = PBXFileReference; lastKnownFileType = sourcecode.swift; path = "Bundle-Decodable.swift"; sourceTree = "<group>"; };
		921585E72A92C40D004C7AF0 /* Colors.xcassets */ = {isa = PBXFileReference; lastKnownFileType = folder.assetcatalog; path = Colors.xcassets; sourceTree = "<group>"; };
		921585E92A92C4A8004C7AF0 /* Award.swift */ = {isa = PBXFileReference; lastKnownFileType = sourcecode.swift; path = Award.swift; sourceTree = "<group>"; };
		921585EB2A92C54C004C7AF0 /* AwardsView.swift */ = {isa = PBXFileReference; lastKnownFileType = sourcecode.swift; path = AwardsView.swift; sourceTree = "<group>"; };
		922AA7C52A88276000CB8ABA /* Issue-CoreDataHelpers.swift */ = {isa = PBXFileReference; lastKnownFileType = sourcecode.swift; path = "Issue-CoreDataHelpers.swift"; sourceTree = "<group>"; };
		922AA7C72A8828E500CB8ABA /* Tag-CoreDataHelpers.swift */ = {isa = PBXFileReference; lastKnownFileType = sourcecode.swift; path = "Tag-CoreDataHelpers.swift"; sourceTree = "<group>"; };
		922AA7C92A88306C00CB8ABA /* IssueRow.swift */ = {isa = PBXFileReference; lastKnownFileType = sourcecode.swift; path = IssueRow.swift; sourceTree = "<group>"; };
		922AA7CB2A88370100CB8ABA /* IssueView.swift */ = {isa = PBXFileReference; lastKnownFileType = sourcecode.swift; path = IssueView.swift; sourceTree = "<group>"; };
		922AA7CD2A88370800CB8ABA /* NoIssueView.swift */ = {isa = PBXFileReference; lastKnownFileType = sourcecode.swift; path = NoIssueView.swift; sourceTree = "<group>"; };
		924647CB2A881DDE0087AC70 /* SidebarView.swift */ = {isa = PBXFileReference; lastKnownFileType = sourcecode.swift; path = SidebarView.swift; sourceTree = "<group>"; };
		924647CD2A881DE50087AC70 /* DetailView.swift */ = {isa = PBXFileReference; lastKnownFileType = sourcecode.swift; path = DetailView.swift; sourceTree = "<group>"; };
		924647CF2A881F040087AC70 /* Filter.swift */ = {isa = PBXFileReference; lastKnownFileType = sourcecode.swift; path = Filter.swift; sourceTree = "<group>"; };
		928E77C22A9A7DA8006BD613 /* PortfolioUITests.xctest */ = {isa = PBXFileReference; explicitFileType = wrapper.cfbundle; includeInIndex = 0; path = PortfolioUITests.xctest; sourceTree = BUILT_PRODUCTS_DIR; };
		928E77C42A9A7DA8006BD613 /* PortfolioUITests.swift */ = {isa = PBXFileReference; lastKnownFileType = sourcecode.swift; path = PortfolioUITests.swift; sourceTree = "<group>"; };
		928E77C62A9A7DA8006BD613 /* PortfolioUITestsLaunchTests.swift */ = {isa = PBXFileReference; lastKnownFileType = sourcecode.swift; path = PortfolioUITestsLaunchTests.swift; sourceTree = "<group>"; };
		92D2AF352A7EE9A000FC7890 /* Main.xcdatamodel */ = {isa = PBXFileReference; lastKnownFileType = wrapper.xcdatamodel; path = Main.xcdatamodel; sourceTree = "<group>"; };
		92D2AF372A7EED4E00FC7890 /* DataController.swift */ = {isa = PBXFileReference; fileEncoding = 4; lastKnownFileType = sourcecode.swift; path = DataController.swift; sourceTree = "<group>"; };
		92D2AF392A7EFDC900FC7890 /* Info.plist */ = {isa = PBXFileReference; lastKnownFileType = text.plist.xml; path = Info.plist; sourceTree = "<group>"; };
		92D2F1E32A9A2DA1008110A1 /* en */ = {isa = PBXFileReference; lastKnownFileType = text.plist.strings; name = en; path = en.lproj/Localizable.strings; sourceTree = "<group>"; };
		92D2F1E52A9A2DA1008110A1 /* en */ = {isa = PBXFileReference; lastKnownFileType = text.json; name = en; path = en.lproj/Awards.json; sourceTree = "<group>"; };
		92D2F1E72A9A2DA1008110A1 /* en */ = {isa = PBXFileReference; lastKnownFileType = text.plist.stringsdict; name = en; path = en.lproj/Localizable.stringsdict; sourceTree = "<group>"; };
		92D2F1EB2A9A2DA7008110A1 /* hu */ = {isa = PBXFileReference; lastKnownFileType = text.json; name = hu; path = hu.lproj/Awards.json; sourceTree = "<group>"; };
		92D2F1EC2A9A2DAB008110A1 /* hu */ = {isa = PBXFileReference; lastKnownFileType = text.plist.strings; name = hu; path = hu.lproj/Localizable.strings; sourceTree = "<group>"; };
		92D2F1ED2A9A2DAE008110A1 /* hu */ = {isa = PBXFileReference; lastKnownFileType = text.plist.stringsdict; name = hu; path = hu.lproj/Localizable.stringsdict; sourceTree = "<group>"; };
		92D2F1EE2A9A31A3008110A1 /* SidebarViewToolbar.swift */ = {isa = PBXFileReference; lastKnownFileType = sourcecode.swift; path = SidebarViewToolbar.swift; sourceTree = "<group>"; };
		92D2F1F02A9A33A3008110A1 /* IssueViewToolbar.swift */ = {isa = PBXFileReference; lastKnownFileType = sourcecode.swift; path = IssueViewToolbar.swift; sourceTree = "<group>"; };
		92D2F1F22A9A3420008110A1 /* ContentViewToolbar.swift */ = {isa = PBXFileReference; lastKnownFileType = sourcecode.swift; path = ContentViewToolbar.swift; sourceTree = "<group>"; };
		92D2F1F42A9A35A8008110A1 /* TagsMenuView.swift */ = {isa = PBXFileReference; lastKnownFileType = sourcecode.swift; path = TagsMenuView.swift; sourceTree = "<group>"; };
		92D2F1F62A9A36F8008110A1 /* SmartFilterRow.swift */ = {isa = PBXFileReference; lastKnownFileType = sourcecode.swift; path = SmartFilterRow.swift; sourceTree = "<group>"; };
		92D2F1F82A9A3741008110A1 /* UserFilterRow.swift */ = {isa = PBXFileReference; lastKnownFileType = sourcecode.swift; path = UserFilterRow.swift; sourceTree = "<group>"; };
		92D2F2082A9A6263008110A1 /* PortfolioTests.xctest */ = {isa = PBXFileReference; explicitFileType = wrapper.cfbundle; includeInIndex = 0; path = PortfolioTests.xctest; sourceTree = BUILT_PRODUCTS_DIR; };
		92D2F20A2A9A6263008110A1 /* PortfolioTests.swift */ = {isa = PBXFileReference; lastKnownFileType = sourcecode.swift; path = PortfolioTests.swift; sourceTree = "<group>"; };
		92D2F2112A9A6557008110A1 /* AssetTests.swift */ = {isa = PBXFileReference; lastKnownFileType = sourcecode.swift; path = AssetTests.swift; sourceTree = "<group>"; };
		92D2F2132A9A6708008110A1 /* TagTests.swift */ = {isa = PBXFileReference; lastKnownFileType = sourcecode.swift; path = TagTests.swift; sourceTree = "<group>"; };
		92D2F2152A9A69D0008110A1 /* AwardsTest.swift */ = {isa = PBXFileReference; lastKnownFileType = sourcecode.swift; path = AwardsTest.swift; sourceTree = "<group>"; };
		92D2F2172A9A6DDF008110A1 /* DevelopmentTests.swift */ = {isa = PBXFileReference; lastKnownFileType = sourcecode.swift; path = DevelopmentTests.swift; sourceTree = "<group>"; };
		92D2F2192A9A6FF8008110A1 /* ExtensionTests.swift */ = {isa = PBXFileReference; lastKnownFileType = sourcecode.swift; path = ExtensionTests.swift; sourceTree = "<group>"; };
		92D2F21C2A9A7829008110A1 /* DecodableDictionary.json */ = {isa = PBXFileReference; lastKnownFileType = text.json; path = DecodableDictionary.json; sourceTree = "<group>"; };
		92D2F21E2A9A7845008110A1 /* DecodableString.json */ = {isa = PBXFileReference; lastKnownFileType = text.json; path = DecodableString.json; sourceTree = "<group>"; };
		92D2F2202A9A7AC0008110A1 /* PerformanceTests.swift */ = {isa = PBXFileReference; lastKnownFileType = sourcecode.swift; path = PerformanceTests.swift; sourceTree = "<group>"; };
		92E76B622A7E7F5A000129B8 /* Portfolio.app */ = {isa = PBXFileReference; explicitFileType = wrapper.application; includeInIndex = 0; path = Portfolio.app; sourceTree = BUILT_PRODUCTS_DIR; };
		92E76B652A7E7F5A000129B8 /* PortfolioApp.swift */ = {isa = PBXFileReference; lastKnownFileType = sourcecode.swift; path = PortfolioApp.swift; sourceTree = "<group>"; };
		92E76B672A7E7F5A000129B8 /* ContentView.swift */ = {isa = PBXFileReference; lastKnownFileType = sourcecode.swift; path = ContentView.swift; sourceTree = "<group>"; };
		92E76B692A7E7F5D000129B8 /* Assets.xcassets */ = {isa = PBXFileReference; lastKnownFileType = folder.assetcatalog; path = Assets.xcassets; sourceTree = "<group>"; };
		92E76B6B2A7E7F5D000129B8 /* Portfolio.entitlements */ = {isa = PBXFileReference; lastKnownFileType = text.plist.entitlements; path = Portfolio.entitlements; sourceTree = "<group>"; };
		92E76B6D2A7E7F5D000129B8 /* Preview Assets.xcassets */ = {isa = PBXFileReference; lastKnownFileType = folder.assetcatalog; path = "Preview Assets.xcassets"; sourceTree = "<group>"; };
/* End PBXFileReference section */

/* Begin PBXFrameworksBuildPhase section */
		928E77BF2A9A7DA8006BD613 /* Frameworks */ = {
			isa = PBXFrameworksBuildPhase;
			buildActionMask = 2147483647;
			files = (
			);
			runOnlyForDeploymentPostprocessing = 0;
		};
		92D2F2052A9A6263008110A1 /* Frameworks */ = {
			isa = PBXFrameworksBuildPhase;
			buildActionMask = 2147483647;
			files = (
			);
			runOnlyForDeploymentPostprocessing = 0;
		};
		92E76B5F2A7E7F5A000129B8 /* Frameworks */ = {
			isa = PBXFrameworksBuildPhase;
			buildActionMask = 2147483647;
			files = (
			);
			runOnlyForDeploymentPostprocessing = 0;
		};
/* End PBXFrameworksBuildPhase section */

/* Begin PBXGroup section */
		928E77C32A9A7DA8006BD613 /* PortfolioUITests */ = {
			isa = PBXGroup;
			children = (
				928E77C42A9A7DA8006BD613 /* PortfolioUITests.swift */,
				928E77C62A9A7DA8006BD613 /* PortfolioUITestsLaunchTests.swift */,
			);
			path = PortfolioUITests;
			sourceTree = "<group>";
		};
		92D2F1FB2A9A58C0008110A1 /* Filters */ = {
			isa = PBXGroup;
			children = (
				924647CF2A881F040087AC70 /* Filter.swift */,
				924647CB2A881DDE0087AC70 /* SidebarView.swift */,
				92D2F1EE2A9A31A3008110A1 /* SidebarViewToolbar.swift */,
				92D2F1F62A9A36F8008110A1 /* SmartFilterRow.swift */,
				92D2F1F82A9A3741008110A1 /* UserFilterRow.swift */,
			);
			path = Filters;
			sourceTree = "<group>";
		};
		92D2F1FC2A9A58CE008110A1 /* Issues */ = {
			isa = PBXGroup;
			children = (
				92E76B672A7E7F5A000129B8 /* ContentView.swift */,
				92D2F1F22A9A3420008110A1 /* ContentViewToolbar.swift */,
				922AA7C92A88306C00CB8ABA /* IssueRow.swift */,
			);
			path = Issues;
			sourceTree = "<group>";
		};
		92D2F1FD2A9A58D9008110A1 /* Editing */ = {
			isa = PBXGroup;
			children = (
				924647CD2A881DE50087AC70 /* DetailView.swift */,
				922AA7CB2A88370100CB8ABA /* IssueView.swift */,
				92D2F1F02A9A33A3008110A1 /* IssueViewToolbar.swift */,
				922AA7CD2A88370800CB8ABA /* NoIssueView.swift */,
				92D2F1F42A9A35A8008110A1 /* TagsMenuView.swift */,
			);
			path = Editing;
			sourceTree = "<group>";
		};
		92D2F1FE2A9A58E4008110A1 /* Awards */ = {
			isa = PBXGroup;
			children = (
				921585E92A92C4A8004C7AF0 /* Award.swift */,
				92D2F1E42A9A2DA1008110A1 /* Awards.json */,
				921585EB2A92C54C004C7AF0 /* AwardsView.swift */,
			);
			path = Awards;
			sourceTree = "<group>";
		};
		92D2F2012A9A596A008110A1 /* Extensions */ = {
			isa = PBXGroup;
			children = (
				921585E32A92C3A3004C7AF0 /* Bundle-Decodable.swift */,
				922AA7C52A88276000CB8ABA /* Issue-CoreDataHelpers.swift */,
				922AA7C72A8828E500CB8ABA /* Tag-CoreDataHelpers.swift */,
			);
			path = Extensions;
			sourceTree = "<group>";
		};
		92D2F2022A9A59A5008110A1 /* Localization */ = {
			isa = PBXGroup;
			children = (
				92D2F1E22A9A2DA1008110A1 /* Localizable.strings */,
				92D2F1E62A9A2DA1008110A1 /* Localizable.stringsdict */,
			);
			path = Localization;
			sourceTree = "<group>";
		};
		92D2F2032A9A59B5008110A1 /* Configuration */ = {
			isa = PBXGroup;
			children = (
				92D2AF392A7EFDC900FC7890 /* Info.plist */,
				92D2AF342A7EE9A000FC7890 /* Main.xcdatamodeld */,
				92E76B6B2A7E7F5D000129B8 /* Portfolio.entitlements */,
			);
			path = Configuration;
			sourceTree = "<group>";
		};
		92D2F2092A9A6263008110A1 /* PortfolioTests */ = {
			isa = PBXGroup;
			children = (
				92D2F21B2A9A780F008110A1 /* Fixtures */,
				92D2F2172A9A6DDF008110A1 /* DevelopmentTests.swift */,
				92D2F2132A9A6708008110A1 /* TagTests.swift */,
				92D2F2152A9A69D0008110A1 /* AwardsTest.swift */,
				92D2F2112A9A6557008110A1 /* AssetTests.swift */,
				92D2F20A2A9A6263008110A1 /* PortfolioTests.swift */,
				92D2F2192A9A6FF8008110A1 /* ExtensionTests.swift */,
				92D2F2202A9A7AC0008110A1 /* PerformanceTests.swift */,
			);
			path = PortfolioTests;
			sourceTree = "<group>";
		};
		92D2F21B2A9A780F008110A1 /* Fixtures */ = {
			isa = PBXGroup;
			children = (
				92D2F21C2A9A7829008110A1 /* DecodableDictionary.json */,
				92D2F21E2A9A7845008110A1 /* DecodableString.json */,
			);
			path = Fixtures;
			sourceTree = "<group>";
		};
		92E76B592A7E7F5A000129B8 = {
			isa = PBXGroup;
			children = (
				92E76B642A7E7F5A000129B8 /* Portfolio */,
				92D2F2092A9A6263008110A1 /* PortfolioTests */,
				928E77C32A9A7DA8006BD613 /* PortfolioUITests */,
				92E76B632A7E7F5A000129B8 /* Products */,
			);
			sourceTree = "<group>";
		};
		92E76B632A7E7F5A000129B8 /* Products */ = {
			isa = PBXGroup;
			children = (
				92E76B622A7E7F5A000129B8 /* Portfolio.app */,
				92D2F2082A9A6263008110A1 /* PortfolioTests.xctest */,
				928E77C22A9A7DA8006BD613 /* PortfolioUITests.xctest */,
			);
			name = Products;
			sourceTree = "<group>";
		};
		92E76B642A7E7F5A000129B8 /* Portfolio */ = {
			isa = PBXGroup;
			children = (
				92D2F1FB2A9A58C0008110A1 /* Filters */,
				92D2F1FC2A9A58CE008110A1 /* Issues */,
				92D2F1FD2A9A58D9008110A1 /* Editing */,
				92D2F1FE2A9A58E4008110A1 /* Awards */,
				92D2F2012A9A596A008110A1 /* Extensions */,
				92D2F2022A9A59A5008110A1 /* Localization */,
				92D2F2032A9A59B5008110A1 /* Configuration */,
				92E76B652A7E7F5A000129B8 /* PortfolioApp.swift */,
				92D2AF372A7EED4E00FC7890 /* DataController.swift */,
				921585E72A92C40D004C7AF0 /* Colors.xcassets */,
				92E76B692A7E7F5D000129B8 /* Assets.xcassets */,
				92E76B6C2A7E7F5D000129B8 /* Preview Content */,
			);
			path = Portfolio;
			sourceTree = "<group>";
		};
		92E76B6C2A7E7F5D000129B8 /* Preview Content */ = {
			isa = PBXGroup;
			children = (
				92E76B6D2A7E7F5D000129B8 /* Preview Assets.xcassets */,
			);
			path = "Preview Content";
			sourceTree = "<group>";
		};
/* End PBXGroup section */

/* Begin PBXNativeTarget section */
		928E77C12A9A7DA8006BD613 /* PortfolioUITests */ = {
			isa = PBXNativeTarget;
			buildConfigurationList = 928E77CC2A9A7DA8006BD613 /* Build configuration list for PBXNativeTarget "PortfolioUITests" */;
			buildPhases = (
				928E77BE2A9A7DA8006BD613 /* Sources */,
				928E77BF2A9A7DA8006BD613 /* Frameworks */,
				928E77C02A9A7DA8006BD613 /* Resources */,
			);
			buildRules = (
			);
			dependencies = (
				928E77C92A9A7DA8006BD613 /* PBXTargetDependency */,
			);
			name = PortfolioUITests;
			productName = PortfolioUITests;
			productReference = 928E77C22A9A7DA8006BD613 /* PortfolioUITests.xctest */;
			productType = "com.apple.product-type.bundle.ui-testing";
		};
		92D2F2072A9A6263008110A1 /* PortfolioTests */ = {
			isa = PBXNativeTarget;
			buildConfigurationList = 92D2F20E2A9A6263008110A1 /* Build configuration list for PBXNativeTarget "PortfolioTests" */;
			buildPhases = (
				92D2F2042A9A6263008110A1 /* Sources */,
				92D2F2052A9A6263008110A1 /* Frameworks */,
				92D2F2062A9A6263008110A1 /* Resources */,
			);
			buildRules = (
			);
			dependencies = (
				92D2F20D2A9A6263008110A1 /* PBXTargetDependency */,
			);
			name = PortfolioTests;
			productName = PortfolioTests;
			productReference = 92D2F2082A9A6263008110A1 /* PortfolioTests.xctest */;
			productType = "com.apple.product-type.bundle.unit-test";
		};
		92E76B612A7E7F5A000129B8 /* Portfolio */ = {
			isa = PBXNativeTarget;
			buildConfigurationList = 92E76B712A7E7F5D000129B8 /* Build configuration list for PBXNativeTarget "Portfolio" */;
			buildPhases = (
				92E76B5E2A7E7F5A000129B8 /* Sources */,
				92E76B5F2A7E7F5A000129B8 /* Frameworks */,
				92E76B602A7E7F5A000129B8 /* Resources */,
				92D2F1FA2A9A452F008110A1 /* SwiftLint */,
			);
			buildRules = (
			);
			dependencies = (
			);
			name = Portfolio;
			productName = Portfolio;
			productReference = 92E76B622A7E7F5A000129B8 /* Portfolio.app */;
			productType = "com.apple.product-type.application";
		};
/* End PBXNativeTarget section */

/* Begin PBXProject section */
		92E76B5A2A7E7F5A000129B8 /* Project object */ = {
			isa = PBXProject;
			attributes = {
				BuildIndependentTargetsInParallel = 1;
				LastSwiftUpdateCheck = 1500;
				LastUpgradeCheck = 1500;
				TargetAttributes = {
					928E77C12A9A7DA8006BD613 = {
						CreatedOnToolsVersion = 15.0;
						TestTargetID = 92E76B612A7E7F5A000129B8;
					};
					92D2F2072A9A6263008110A1 = {
						CreatedOnToolsVersion = 15.0;
						TestTargetID = 92E76B612A7E7F5A000129B8;
					};
					92E76B612A7E7F5A000129B8 = {
						CreatedOnToolsVersion = 15.0;
					};
				};
			};
			buildConfigurationList = 92E76B5D2A7E7F5A000129B8 /* Build configuration list for PBXProject "Portfolio" */;
			compatibilityVersion = "Xcode 14.0";
			developmentRegion = en;
			hasScannedForEncodings = 0;
			knownRegions = (
				en,
				Base,
				hu,
			);
			mainGroup = 92E76B592A7E7F5A000129B8;
			productRefGroup = 92E76B632A7E7F5A000129B8 /* Products */;
			projectDirPath = "";
			projectRoot = "";
			targets = (
				92E76B612A7E7F5A000129B8 /* Portfolio */,
				92D2F2072A9A6263008110A1 /* PortfolioTests */,
				928E77C12A9A7DA8006BD613 /* PortfolioUITests */,
			);
		};
/* End PBXProject section */

/* Begin PBXResourcesBuildPhase section */
		928E77C02A9A7DA8006BD613 /* Resources */ = {
			isa = PBXResourcesBuildPhase;
			buildActionMask = 2147483647;
			files = (
			);
			runOnlyForDeploymentPostprocessing = 0;
		};
		92D2F2062A9A6263008110A1 /* Resources */ = {
			isa = PBXResourcesBuildPhase;
			buildActionMask = 2147483647;
			files = (
				92D2F21D2A9A7829008110A1 /* DecodableDictionary.json in Resources */,
				92D2F21F2A9A7845008110A1 /* DecodableString.json in Resources */,
			);
			runOnlyForDeploymentPostprocessing = 0;
		};
		92E76B602A7E7F5A000129B8 /* Resources */ = {
			isa = PBXResourcesBuildPhase;
			buildActionMask = 2147483647;
			files = (
				92E76B6E2A7E7F5D000129B8 /* Preview Assets.xcassets in Resources */,
				92D2F1E92A9A2DA1008110A1 /* Awards.json in Resources */,
				92D2F1E82A9A2DA1008110A1 /* Localizable.strings in Resources */,
				921585E82A92C40D004C7AF0 /* Colors.xcassets in Resources */,
				92E76B6A2A7E7F5D000129B8 /* Assets.xcassets in Resources */,
				92D2F1EA2A9A2DA1008110A1 /* Localizable.stringsdict in Resources */,
			);
			runOnlyForDeploymentPostprocessing = 0;
		};
/* End PBXResourcesBuildPhase section */

/* Begin PBXShellScriptBuildPhase section */
		92D2F1FA2A9A452F008110A1 /* SwiftLint */ = {
			isa = PBXShellScriptBuildPhase;
			alwaysOutOfDate = 1;
			buildActionMask = 2147483647;
			files = (
			);
			inputFileListPaths = (
			);
			inputPaths = (
			);
			name = SwiftLint;
			outputFileListPaths = (
			);
			outputPaths = (
			);
			runOnlyForDeploymentPostprocessing = 0;
			shellPath = /bin/sh;
			shellScript = "# Type a script or drag a script file from your workspace to insert its path.\nif [[ \"$(uname -m)\" == arm64 ]]; then\n    export PATH=\"/opt/homebrew/bin:$PATH\"\nfi\n\nif which swiftlint > /dev/null; then\n  swiftlint\nelse\n  echo \"warning: SwiftLint not installed, download from https://github.com/realm/SwiftLint\"\nfi\n";
		};
/* End PBXShellScriptBuildPhase section */

/* Begin PBXSourcesBuildPhase section */
		928E77BE2A9A7DA8006BD613 /* Sources */ = {
			isa = PBXSourcesBuildPhase;
			buildActionMask = 2147483647;
			files = (
				928E77C52A9A7DA8006BD613 /* PortfolioUITests.swift in Sources */,
				928E77C72A9A7DA8006BD613 /* PortfolioUITestsLaunchTests.swift in Sources */,
			);
			runOnlyForDeploymentPostprocessing = 0;
		};
		92D2F2042A9A6263008110A1 /* Sources */ = {
			isa = PBXSourcesBuildPhase;
			buildActionMask = 2147483647;
			files = (
				92D2F2212A9A7AC0008110A1 /* PerformanceTests.swift in Sources */,
				92D2F2122A9A6557008110A1 /* AssetTests.swift in Sources */,
				92D2F2162A9A69D0008110A1 /* AwardsTest.swift in Sources */,
				92D2F2142A9A6708008110A1 /* TagTests.swift in Sources */,
				92D2F21A2A9A6FF8008110A1 /* ExtensionTests.swift in Sources */,
				92D2F20B2A9A6263008110A1 /* PortfolioTests.swift in Sources */,
				92D2F2182A9A6DDF008110A1 /* DevelopmentTests.swift in Sources */,
			);
			runOnlyForDeploymentPostprocessing = 0;
		};
		92E76B5E2A7E7F5A000129B8 /* Sources */ = {
			isa = PBXSourcesBuildPhase;
			buildActionMask = 2147483647;
			files = (
				924647D02A881F040087AC70 /* Filter.swift in Sources */,
				92D2F1F52A9A35A8008110A1 /* TagsMenuView.swift in Sources */,
				921585EA2A92C4A8004C7AF0 /* Award.swift in Sources */,
				92D2F1F12A9A33A3008110A1 /* IssueViewToolbar.swift in Sources */,
				92D2F1F72A9A36F8008110A1 /* SmartFilterRow.swift in Sources */,
				921585EC2A92C54C004C7AF0 /* AwardsView.swift in Sources */,
				92D2AF362A7EE9A000FC7890 /* Main.xcdatamodeld in Sources */,
				922AA7C62A88276000CB8ABA /* Issue-CoreDataHelpers.swift in Sources */,
				924647CE2A881DE50087AC70 /* DetailView.swift in Sources */,
				921585E42A92C3A3004C7AF0 /* Bundle-Decodable.swift in Sources */,
				92D2AF382A7EED4E00FC7890 /* DataController.swift in Sources */,
				924647CC2A881DDE0087AC70 /* SidebarView.swift in Sources */,
				92D2F1F32A9A3420008110A1 /* ContentViewToolbar.swift in Sources */,
				922AA7C82A8828E500CB8ABA /* Tag-CoreDataHelpers.swift in Sources */,
				92E76B682A7E7F5A000129B8 /* ContentView.swift in Sources */,
				92D2F1EF2A9A31A3008110A1 /* SidebarViewToolbar.swift in Sources */,
				922AA7CC2A88370100CB8ABA /* IssueView.swift in Sources */,
				92D2F1F92A9A3741008110A1 /* UserFilterRow.swift in Sources */,
				922AA7CE2A88370800CB8ABA /* NoIssueView.swift in Sources */,
				922AA7CA2A88306C00CB8ABA /* IssueRow.swift in Sources */,
				92E76B662A7E7F5A000129B8 /* PortfolioApp.swift in Sources */,
			);
			runOnlyForDeploymentPostprocessing = 0;
		};
/* End PBXSourcesBuildPhase section */

/* Begin PBXTargetDependency section */
		928E77C92A9A7DA8006BD613 /* PBXTargetDependency */ = {
			isa = PBXTargetDependency;
			target = 92E76B612A7E7F5A000129B8 /* Portfolio */;
			targetProxy = 928E77C82A9A7DA8006BD613 /* PBXContainerItemProxy */;
		};
		92D2F20D2A9A6263008110A1 /* PBXTargetDependency */ = {
			isa = PBXTargetDependency;
			target = 92E76B612A7E7F5A000129B8 /* Portfolio */;
			targetProxy = 92D2F20C2A9A6263008110A1 /* PBXContainerItemProxy */;
		};
/* End PBXTargetDependency section */

/* Begin PBXVariantGroup section */
		92D2F1E22A9A2DA1008110A1 /* Localizable.strings */ = {
			isa = PBXVariantGroup;
			children = (
				92D2F1E32A9A2DA1008110A1 /* en */,
				92D2F1EC2A9A2DAB008110A1 /* hu */,
			);
			name = Localizable.strings;
			sourceTree = "<group>";
		};
		92D2F1E42A9A2DA1008110A1 /* Awards.json */ = {
			isa = PBXVariantGroup;
			children = (
				92D2F1E52A9A2DA1008110A1 /* en */,
				92D2F1EB2A9A2DA7008110A1 /* hu */,
			);
			name = Awards.json;
			sourceTree = "<group>";
		};
		92D2F1E62A9A2DA1008110A1 /* Localizable.stringsdict */ = {
			isa = PBXVariantGroup;
			children = (
				92D2F1E72A9A2DA1008110A1 /* en */,
				92D2F1ED2A9A2DAE008110A1 /* hu */,
			);
			name = Localizable.stringsdict;
			sourceTree = "<group>";
		};
/* End PBXVariantGroup section */

/* Begin XCBuildConfiguration section */
		928E77CA2A9A7DA8006BD613 /* Debug */ = {
			isa = XCBuildConfiguration;
			buildSettings = {
				CODE_SIGN_STYLE = Automatic;
				CURRENT_PROJECT_VERSION = 1;
				DEVELOPMENT_TEAM = 43V9S429VB;
				GENERATE_INFOPLIST_FILE = YES;
				MARKETING_VERSION = 1.0;
				PRODUCT_BUNDLE_IDENTIFIER = com.zachwhittle.PortfolioUITests;
				PRODUCT_NAME = "$(TARGET_NAME)";
				SDKROOT = iphoneos;
				SWIFT_EMIT_LOC_STRINGS = NO;
				SWIFT_VERSION = 5.0;
				TARGETED_DEVICE_FAMILY = "1,2";
				TEST_TARGET_NAME = Portfolio;
			};
			name = Debug;
		};
		928E77CB2A9A7DA8006BD613 /* Release */ = {
			isa = XCBuildConfiguration;
			buildSettings = {
				CODE_SIGN_STYLE = Automatic;
				CURRENT_PROJECT_VERSION = 1;
				DEVELOPMENT_TEAM = 43V9S429VB;
				GENERATE_INFOPLIST_FILE = YES;
				MARKETING_VERSION = 1.0;
				PRODUCT_BUNDLE_IDENTIFIER = com.zachwhittle.PortfolioUITests;
				PRODUCT_NAME = "$(TARGET_NAME)";
				SDKROOT = iphoneos;
				SWIFT_EMIT_LOC_STRINGS = NO;
				SWIFT_VERSION = 5.0;
				TARGETED_DEVICE_FAMILY = "1,2";
				TEST_TARGET_NAME = Portfolio;
				VALIDATE_PRODUCT = YES;
			};
			name = Release;
		};
		92D2F20F2A9A6263008110A1 /* Debug */ = {
			isa = XCBuildConfiguration;
			buildSettings = {
				BUNDLE_LOADER = "$(TEST_HOST)";
				CODE_SIGN_STYLE = Automatic;
				CURRENT_PROJECT_VERSION = 1;
				DEVELOPMENT_TEAM = 43V9S429VB;
				GENERATE_INFOPLIST_FILE = YES;
				MARKETING_VERSION = 1.0;
				PRODUCT_BUNDLE_IDENTIFIER = com.zachwhittle.PortfolioTests;
				PRODUCT_NAME = "$(TARGET_NAME)";
				SDKROOT = iphoneos;
				SWIFT_EMIT_LOC_STRINGS = NO;
				SWIFT_VERSION = 5.0;
				TARGETED_DEVICE_FAMILY = "1,2";
				TEST_HOST = "$(BUILT_PRODUCTS_DIR)/Portfolio.app/$(BUNDLE_EXECUTABLE_FOLDER_PATH)/Portfolio";
			};
			name = Debug;
		};
		92D2F2102A9A6263008110A1 /* Release */ = {
			isa = XCBuildConfiguration;
			buildSettings = {
				BUNDLE_LOADER = "$(TEST_HOST)";
				CODE_SIGN_STYLE = Automatic;
				CURRENT_PROJECT_VERSION = 1;
				DEVELOPMENT_TEAM = 43V9S429VB;
				GENERATE_INFOPLIST_FILE = YES;
				MARKETING_VERSION = 1.0;
				PRODUCT_BUNDLE_IDENTIFIER = com.zachwhittle.PortfolioTests;
				PRODUCT_NAME = "$(TARGET_NAME)";
				SDKROOT = iphoneos;
				SWIFT_EMIT_LOC_STRINGS = NO;
				SWIFT_VERSION = 5.0;
				TARGETED_DEVICE_FAMILY = "1,2";
				TEST_HOST = "$(BUILT_PRODUCTS_DIR)/Portfolio.app/$(BUNDLE_EXECUTABLE_FOLDER_PATH)/Portfolio";
				VALIDATE_PRODUCT = YES;
			};
			name = Release;
		};
		92E76B6F2A7E7F5D000129B8 /* Debug */ = {
			isa = XCBuildConfiguration;
			buildSettings = {
				ALWAYS_SEARCH_USER_PATHS = NO;
				ASSETCATALOG_COMPILER_GENERATE_SWIFT_ASSET_SYMBOL_EXTENSIONS = YES;
				CLANG_ANALYZER_NONNULL = YES;
				CLANG_ANALYZER_NUMBER_OBJECT_CONVERSION = YES_AGGRESSIVE;
				CLANG_CXX_LANGUAGE_STANDARD = "gnu++20";
				CLANG_ENABLE_MODULES = YES;
				CLANG_ENABLE_OBJC_ARC = YES;
				CLANG_ENABLE_OBJC_WEAK = YES;
				CLANG_WARN_BLOCK_CAPTURE_AUTORELEASING = YES;
				CLANG_WARN_BOOL_CONVERSION = YES;
				CLANG_WARN_COMMA = YES;
				CLANG_WARN_CONSTANT_CONVERSION = YES;
				CLANG_WARN_DEPRECATED_OBJC_IMPLEMENTATIONS = YES;
				CLANG_WARN_DIRECT_OBJC_ISA_USAGE = YES_ERROR;
				CLANG_WARN_DOCUMENTATION_COMMENTS = YES;
				CLANG_WARN_EMPTY_BODY = YES;
				CLANG_WARN_ENUM_CONVERSION = YES;
				CLANG_WARN_INFINITE_RECURSION = YES;
				CLANG_WARN_INT_CONVERSION = YES;
				CLANG_WARN_NON_LITERAL_NULL_CONVERSION = YES;
				CLANG_WARN_OBJC_IMPLICIT_RETAIN_SELF = YES;
				CLANG_WARN_OBJC_LITERAL_CONVERSION = YES;
				CLANG_WARN_OBJC_ROOT_CLASS = YES_ERROR;
				CLANG_WARN_QUOTED_INCLUDE_IN_FRAMEWORK_HEADER = YES;
				CLANG_WARN_RANGE_LOOP_ANALYSIS = YES;
				CLANG_WARN_STRICT_PROTOTYPES = YES;
				CLANG_WARN_SUSPICIOUS_MOVE = YES;
				CLANG_WARN_UNGUARDED_AVAILABILITY = YES_AGGRESSIVE;
				CLANG_WARN_UNREACHABLE_CODE = YES;
				CLANG_WARN__DUPLICATE_METHOD_MATCH = YES;
				COPY_PHASE_STRIP = NO;
				DEBUG_INFORMATION_FORMAT = dwarf;
				ENABLE_STRICT_OBJC_MSGSEND = YES;
				ENABLE_TESTABILITY = YES;
				ENABLE_USER_SCRIPT_SANDBOXING = YES;
				GCC_C_LANGUAGE_STANDARD = gnu17;
				GCC_DYNAMIC_NO_PIC = NO;
				GCC_NO_COMMON_BLOCKS = YES;
				GCC_OPTIMIZATION_LEVEL = 0;
				GCC_PREPROCESSOR_DEFINITIONS = (
					"DEBUG=1",
					"$(inherited)",
				);
				GCC_WARN_64_TO_32_BIT_CONVERSION = YES;
				GCC_WARN_ABOUT_RETURN_TYPE = YES_ERROR;
				GCC_WARN_UNDECLARED_SELECTOR = YES;
				GCC_WARN_UNINITIALIZED_AUTOS = YES_AGGRESSIVE;
				GCC_WARN_UNUSED_FUNCTION = YES;
				GCC_WARN_UNUSED_VARIABLE = YES;
				IPHONEOS_DEPLOYMENT_TARGET = 17.0;
				LOCALIZATION_PREFERS_STRING_CATALOGS = YES;
				MTL_ENABLE_DEBUG_INFO = INCLUDE_SOURCE;
				MTL_FAST_MATH = YES;
				ONLY_ACTIVE_ARCH = YES;
				SWIFT_ACTIVE_COMPILATION_CONDITIONS = "DEBUG $(inherited)";
				SWIFT_OPTIMIZATION_LEVEL = "-Onone";
			};
			name = Debug;
		};
		92E76B702A7E7F5D000129B8 /* Release */ = {
			isa = XCBuildConfiguration;
			buildSettings = {
				ALWAYS_SEARCH_USER_PATHS = NO;
				ASSETCATALOG_COMPILER_GENERATE_SWIFT_ASSET_SYMBOL_EXTENSIONS = YES;
				CLANG_ANALYZER_NONNULL = YES;
				CLANG_ANALYZER_NUMBER_OBJECT_CONVERSION = YES_AGGRESSIVE;
				CLANG_CXX_LANGUAGE_STANDARD = "gnu++20";
				CLANG_ENABLE_MODULES = YES;
				CLANG_ENABLE_OBJC_ARC = YES;
				CLANG_ENABLE_OBJC_WEAK = YES;
				CLANG_WARN_BLOCK_CAPTURE_AUTORELEASING = YES;
				CLANG_WARN_BOOL_CONVERSION = YES;
				CLANG_WARN_COMMA = YES;
				CLANG_WARN_CONSTANT_CONVERSION = YES;
				CLANG_WARN_DEPRECATED_OBJC_IMPLEMENTATIONS = YES;
				CLANG_WARN_DIRECT_OBJC_ISA_USAGE = YES_ERROR;
				CLANG_WARN_DOCUMENTATION_COMMENTS = YES;
				CLANG_WARN_EMPTY_BODY = YES;
				CLANG_WARN_ENUM_CONVERSION = YES;
				CLANG_WARN_INFINITE_RECURSION = YES;
				CLANG_WARN_INT_CONVERSION = YES;
				CLANG_WARN_NON_LITERAL_NULL_CONVERSION = YES;
				CLANG_WARN_OBJC_IMPLICIT_RETAIN_SELF = YES;
				CLANG_WARN_OBJC_LITERAL_CONVERSION = YES;
				CLANG_WARN_OBJC_ROOT_CLASS = YES_ERROR;
				CLANG_WARN_QUOTED_INCLUDE_IN_FRAMEWORK_HEADER = YES;
				CLANG_WARN_RANGE_LOOP_ANALYSIS = YES;
				CLANG_WARN_STRICT_PROTOTYPES = YES;
				CLANG_WARN_SUSPICIOUS_MOVE = YES;
				CLANG_WARN_UNGUARDED_AVAILABILITY = YES_AGGRESSIVE;
				CLANG_WARN_UNREACHABLE_CODE = YES;
				CLANG_WARN__DUPLICATE_METHOD_MATCH = YES;
				COPY_PHASE_STRIP = NO;
				DEBUG_INFORMATION_FORMAT = "dwarf-with-dsym";
				ENABLE_NS_ASSERTIONS = NO;
				ENABLE_STRICT_OBJC_MSGSEND = YES;
				ENABLE_USER_SCRIPT_SANDBOXING = YES;
				GCC_C_LANGUAGE_STANDARD = gnu17;
				GCC_NO_COMMON_BLOCKS = YES;
				GCC_WARN_64_TO_32_BIT_CONVERSION = YES;
				GCC_WARN_ABOUT_RETURN_TYPE = YES_ERROR;
				GCC_WARN_UNDECLARED_SELECTOR = YES;
				GCC_WARN_UNINITIALIZED_AUTOS = YES_AGGRESSIVE;
				GCC_WARN_UNUSED_FUNCTION = YES;
				GCC_WARN_UNUSED_VARIABLE = YES;
				IPHONEOS_DEPLOYMENT_TARGET = 17.0;
				LOCALIZATION_PREFERS_STRING_CATALOGS = YES;
				MTL_ENABLE_DEBUG_INFO = NO;
				MTL_FAST_MATH = YES;
				SWIFT_COMPILATION_MODE = wholemodule;
			};
			name = Release;
		};
		92E76B722A7E7F5D000129B8 /* Debug */ = {
			isa = XCBuildConfiguration;
			buildSettings = {
				ASSETCATALOG_COMPILER_APPICON_NAME = AppIcon;
				ASSETCATALOG_COMPILER_GLOBAL_ACCENT_COLOR_NAME = AccentColor;
				CODE_SIGN_ENTITLEMENTS = Portfolio/Configuration/Portfolio.entitlements;
				CODE_SIGN_STYLE = Automatic;
				CURRENT_PROJECT_VERSION = 1;
				DEVELOPMENT_ASSET_PATHS = "\"Portfolio/Preview Content\"";
				DEVELOPMENT_TEAM = 43V9S429VB;
				ENABLE_HARDENED_RUNTIME = YES;
				ENABLE_PREVIEWS = YES;
				ENABLE_USER_SCRIPT_SANDBOXING = NO;
				GENERATE_INFOPLIST_FILE = YES;
				INFOPLIST_FILE = Portfolio/Configuration/Info.plist;
				"INFOPLIST_KEY_UIApplicationSceneManifest_Generation[sdk=iphoneos*]" = YES;
				"INFOPLIST_KEY_UIApplicationSceneManifest_Generation[sdk=iphonesimulator*]" = YES;
				"INFOPLIST_KEY_UIApplicationSupportsIndirectInputEvents[sdk=iphoneos*]" = YES;
				"INFOPLIST_KEY_UIApplicationSupportsIndirectInputEvents[sdk=iphonesimulator*]" = YES;
				"INFOPLIST_KEY_UILaunchScreen_Generation[sdk=iphoneos*]" = YES;
				"INFOPLIST_KEY_UILaunchScreen_Generation[sdk=iphonesimulator*]" = YES;
				"INFOPLIST_KEY_UIStatusBarStyle[sdk=iphoneos*]" = UIStatusBarStyleDefault;
				"INFOPLIST_KEY_UIStatusBarStyle[sdk=iphonesimulator*]" = UIStatusBarStyleDefault;
				INFOPLIST_KEY_UISupportedInterfaceOrientations_iPad = "UIInterfaceOrientationPortrait UIInterfaceOrientationPortraitUpsideDown UIInterfaceOrientationLandscapeLeft UIInterfaceOrientationLandscapeRight";
				INFOPLIST_KEY_UISupportedInterfaceOrientations_iPhone = "UIInterfaceOrientationPortrait UIInterfaceOrientationLandscapeLeft UIInterfaceOrientationLandscapeRight";
				IPHONEOS_DEPLOYMENT_TARGET = 17.0;
				LD_RUNPATH_SEARCH_PATHS = "@executable_path/Frameworks";
				"LD_RUNPATH_SEARCH_PATHS[sdk=macosx*]" = "@executable_path/../Frameworks";
				MACOSX_DEPLOYMENT_TARGET = 14.0;
				MARKETING_VERSION = 1.0;
				PRODUCT_BUNDLE_IDENTIFIER = com.zachwhittle.Portfolio;
				PRODUCT_NAME = "$(TARGET_NAME)";
				SDKROOT = auto;
				SUPPORTED_PLATFORMS = "iphoneos iphonesimulator macosx";
				SUPPORTS_MACCATALYST = NO;
				SUPPORTS_MAC_DESIGNED_FOR_IPHONE_IPAD = NO;
				SWIFT_EMIT_LOC_STRINGS = YES;
				SWIFT_VERSION = 5.0;
				TARGETED_DEVICE_FAMILY = "1,2";
			};
			name = Debug;
		};
		92E76B732A7E7F5D000129B8 /* Release */ = {
			isa = XCBuildConfiguration;
			buildSettings = {
				ASSETCATALOG_COMPILER_APPICON_NAME = AppIcon;
				ASSETCATALOG_COMPILER_GLOBAL_ACCENT_COLOR_NAME = AccentColor;
				CODE_SIGN_ENTITLEMENTS = Portfolio/Configuration/Portfolio.entitlements;
				CODE_SIGN_STYLE = Automatic;
				CURRENT_PROJECT_VERSION = 1;
				DEVELOPMENT_ASSET_PATHS = "\"Portfolio/Preview Content\"";
				DEVELOPMENT_TEAM = 43V9S429VB;
				ENABLE_HARDENED_RUNTIME = YES;
				ENABLE_PREVIEWS = YES;
				ENABLE_USER_SCRIPT_SANDBOXING = NO;
				GENERATE_INFOPLIST_FILE = YES;
				INFOPLIST_FILE = Portfolio/Configuration/Info.plist;
				"INFOPLIST_KEY_UIApplicationSceneManifest_Generation[sdk=iphoneos*]" = YES;
				"INFOPLIST_KEY_UIApplicationSceneManifest_Generation[sdk=iphonesimulator*]" = YES;
				"INFOPLIST_KEY_UIApplicationSupportsIndirectInputEvents[sdk=iphoneos*]" = YES;
				"INFOPLIST_KEY_UIApplicationSupportsIndirectInputEvents[sdk=iphonesimulator*]" = YES;
				"INFOPLIST_KEY_UILaunchScreen_Generation[sdk=iphoneos*]" = YES;
				"INFOPLIST_KEY_UILaunchScreen_Generation[sdk=iphonesimulator*]" = YES;
				"INFOPLIST_KEY_UIStatusBarStyle[sdk=iphoneos*]" = UIStatusBarStyleDefault;
				"INFOPLIST_KEY_UIStatusBarStyle[sdk=iphonesimulator*]" = UIStatusBarStyleDefault;
				INFOPLIST_KEY_UISupportedInterfaceOrientations_iPad = "UIInterfaceOrientationPortrait UIInterfaceOrientationPortraitUpsideDown UIInterfaceOrientationLandscapeLeft UIInterfaceOrientationLandscapeRight";
				INFOPLIST_KEY_UISupportedInterfaceOrientations_iPhone = "UIInterfaceOrientationPortrait UIInterfaceOrientationLandscapeLeft UIInterfaceOrientationLandscapeRight";
				IPHONEOS_DEPLOYMENT_TARGET = 17.0;
				LD_RUNPATH_SEARCH_PATHS = "@executable_path/Frameworks";
				"LD_RUNPATH_SEARCH_PATHS[sdk=macosx*]" = "@executable_path/../Frameworks";
				MACOSX_DEPLOYMENT_TARGET = 14.0;
				MARKETING_VERSION = 1.0;
				PRODUCT_BUNDLE_IDENTIFIER = com.zachwhittle.Portfolio;
				PRODUCT_NAME = "$(TARGET_NAME)";
				SDKROOT = auto;
				SUPPORTED_PLATFORMS = "iphoneos iphonesimulator macosx";
				SUPPORTS_MACCATALYST = NO;
				SUPPORTS_MAC_DESIGNED_FOR_IPHONE_IPAD = NO;
				SWIFT_EMIT_LOC_STRINGS = YES;
				SWIFT_VERSION = 5.0;
				TARGETED_DEVICE_FAMILY = "1,2";
			};
			name = Release;
		};
/* End XCBuildConfiguration section */

/* Begin XCConfigurationList section */
		928E77CC2A9A7DA8006BD613 /* Build configuration list for PBXNativeTarget "PortfolioUITests" */ = {
			isa = XCConfigurationList;
			buildConfigurations = (
				928E77CA2A9A7DA8006BD613 /* Debug */,
				928E77CB2A9A7DA8006BD613 /* Release */,
			);
			defaultConfigurationIsVisible = 0;
			defaultConfigurationName = Release;
		};
		92D2F20E2A9A6263008110A1 /* Build configuration list for PBXNativeTarget "PortfolioTests" */ = {
			isa = XCConfigurationList;
			buildConfigurations = (
				92D2F20F2A9A6263008110A1 /* Debug */,
				92D2F2102A9A6263008110A1 /* Release */,
			);
			defaultConfigurationIsVisible = 0;
			defaultConfigurationName = Release;
		};
		92E76B5D2A7E7F5A000129B8 /* Build configuration list for PBXProject "Portfolio" */ = {
			isa = XCConfigurationList;
			buildConfigurations = (
				92E76B6F2A7E7F5D000129B8 /* Debug */,
				92E76B702A7E7F5D000129B8 /* Release */,
			);
			defaultConfigurationIsVisible = 0;
			defaultConfigurationName = Release;
		};
		92E76B712A7E7F5D000129B8 /* Build configuration list for PBXNativeTarget "Portfolio" */ = {
			isa = XCConfigurationList;
			buildConfigurations = (
				92E76B722A7E7F5D000129B8 /* Debug */,
				92E76B732A7E7F5D000129B8 /* Release */,
			);
			defaultConfigurationIsVisible = 0;
			defaultConfigurationName = Release;
		};
/* End XCConfigurationList section */

/* Begin XCVersionGroup section */
		92D2AF342A7EE9A000FC7890 /* Main.xcdatamodeld */ = {
			isa = XCVersionGroup;
			children = (
				92D2AF352A7EE9A000FC7890 /* Main.xcdatamodel */,
			);
			currentVersion = 92D2AF352A7EE9A000FC7890 /* Main.xcdatamodel */;
			path = Main.xcdatamodeld;
			sourceTree = "<group>";
			versionGroupType = wrapper.xcdatamodel;
		};
/* End XCVersionGroup section */
	};
	rootObject = 92E76B5A2A7E7F5A000129B8 /* Project object */;
}
