// !$*UTF8*$!
{
	archiveVersion = 1;
	classes = {
	};
	objectVersion = 56;
	objects = {

/* Begin PBXBuildFile section */
		922AA7C62A88276000CB8ABA /* Issue-CoreDataHelpers.swift in Sources */ = {isa = PBXBuildFile; fileRef = 922AA7C52A88276000CB8ABA /* Issue-CoreDataHelpers.swift */; };
		922AA7C82A8828E500CB8ABA /* Tag-CoreDataHelpers.swift in Sources */ = {isa = PBXBuildFile; fileRef = 922AA7C72A8828E500CB8ABA /* Tag-CoreDataHelpers.swift */; };
		924647CC2A881DDE0087AC70 /* SidebarView.swift in Sources */ = {isa = PBXBuildFile; fileRef = 924647CB2A881DDE0087AC70 /* SidebarView.swift */; };
		924647CE2A881DE50087AC70 /* DetailView.swift in Sources */ = {isa = PBXBuildFile; fileRef = 924647CD2A881DE50087AC70 /* DetailView.swift */; };
		924647D02A881F040087AC70 /* Filter.swift in Sources */ = {isa = PBXBuildFile; fileRef = 924647CF2A881F040087AC70 /* Filter.swift */; };
		92D2AF362A7EE9A000FC7890 /* Main.xcdatamodeld in Sources */ = {isa = PBXBuildFile; fileRef = 92D2AF342A7EE9A000FC7890 /* Main.xcdatamodeld */; };
		92D2AF382A7EED4E00FC7890 /* DataController.swift in Sources */ = {isa = PBXBuildFile; fileRef = 92D2AF372A7EED4E00FC7890 /* DataController.swift */; };
		92E76B662A7E7F5A000129B8 /* PortfolioApp.swift in Sources */ = {isa = PBXBuildFile; fileRef = 92E76B652A7E7F5A000129B8 /* PortfolioApp.swift */; };
		92E76B682A7E7F5A000129B8 /* ContentView.swift in Sources */ = {isa = PBXBuildFile; fileRef = 92E76B672A7E7F5A000129B8 /* ContentView.swift */; };
		92E76B6A2A7E7F5D000129B8 /* Assets.xcassets in Resources */ = {isa = PBXBuildFile; fileRef = 92E76B692A7E7F5D000129B8 /* Assets.xcassets */; };
		92E76B6E2A7E7F5D000129B8 /* Preview Assets.xcassets in Resources */ = {isa = PBXBuildFile; fileRef = 92E76B6D2A7E7F5D000129B8 /* Preview Assets.xcassets */; };
/* End PBXBuildFile section */

/* Begin PBXFileReference section */
		922AA7C52A88276000CB8ABA /* Issue-CoreDataHelpers.swift */ = {isa = PBXFileReference; lastKnownFileType = sourcecode.swift; path = "Issue-CoreDataHelpers.swift"; sourceTree = "<group>"; };
		922AA7C72A8828E500CB8ABA /* Tag-CoreDataHelpers.swift */ = {isa = PBXFileReference; lastKnownFileType = sourcecode.swift; path = "Tag-CoreDataHelpers.swift"; sourceTree = "<group>"; };
		924647CB2A881DDE0087AC70 /* SidebarView.swift */ = {isa = PBXFileReference; lastKnownFileType = sourcecode.swift; path = SidebarView.swift; sourceTree = "<group>"; };
		924647CD2A881DE50087AC70 /* DetailView.swift */ = {isa = PBXFileReference; lastKnownFileType = sourcecode.swift; path = DetailView.swift; sourceTree = "<group>"; };
		924647CF2A881F040087AC70 /* Filter.swift */ = {isa = PBXFileReference; lastKnownFileType = sourcecode.swift; path = Filter.swift; sourceTree = "<group>"; };
		92D2AF352A7EE9A000FC7890 /* Main.xcdatamodel */ = {isa = PBXFileReference; lastKnownFileType = wrapper.xcdatamodel; path = Main.xcdatamodel; sourceTree = "<group>"; };
		92D2AF372A7EED4E00FC7890 /* DataController.swift */ = {isa = PBXFileReference; fileEncoding = 4; lastKnownFileType = sourcecode.swift; path = DataController.swift; sourceTree = "<group>"; };
		92D2AF392A7EFDC900FC7890 /* Info.plist */ = {isa = PBXFileReference; lastKnownFileType = text.plist; path = Info.plist; sourceTree = "<group>"; };
		92E76B622A7E7F5A000129B8 /* Portfolio.app */ = {isa = PBXFileReference; explicitFileType = wrapper.application; includeInIndex = 0; path = Portfolio.app; sourceTree = BUILT_PRODUCTS_DIR; };
		92E76B652A7E7F5A000129B8 /* PortfolioApp.swift */ = {isa = PBXFileReference; lastKnownFileType = sourcecode.swift; path = PortfolioApp.swift; sourceTree = "<group>"; };
		92E76B672A7E7F5A000129B8 /* ContentView.swift */ = {isa = PBXFileReference; lastKnownFileType = sourcecode.swift; path = ContentView.swift; sourceTree = "<group>"; };
		92E76B692A7E7F5D000129B8 /* Assets.xcassets */ = {isa = PBXFileReference; lastKnownFileType = folder.assetcatalog; path = Assets.xcassets; sourceTree = "<group>"; };
		92E76B6B2A7E7F5D000129B8 /* Portfolio.entitlements */ = {isa = PBXFileReference; lastKnownFileType = text.plist.entitlements; path = Portfolio.entitlements; sourceTree = "<group>"; };
		92E76B6D2A7E7F5D000129B8 /* Preview Assets.xcassets */ = {isa = PBXFileReference; lastKnownFileType = folder.assetcatalog; path = "Preview Assets.xcassets"; sourceTree = "<group>"; };
/* End PBXFileReference section */

/* Begin PBXFrameworksBuildPhase section */
		92E76B5F2A7E7F5A000129B8 /* Frameworks */ = {
			isa = PBXFrameworksBuildPhase;
			buildActionMask = 2147483647;
			files = (
			);
			runOnlyForDeploymentPostprocessing = 0;
		};
/* End PBXFrameworksBuildPhase section */

/* Begin PBXGroup section */
		92E76B592A7E7F5A000129B8 = {
			isa = PBXGroup;
			children = (
				92E76B642A7E7F5A000129B8 /* Portfolio */,
				92E76B632A7E7F5A000129B8 /* Products */,
			);
			sourceTree = "<group>";
		};
		92E76B632A7E7F5A000129B8 /* Products */ = {
			isa = PBXGroup;
			children = (
				92E76B622A7E7F5A000129B8 /* Portfolio.app */,
			);
			name = Products;
			sourceTree = "<group>";
		};
		92E76B642A7E7F5A000129B8 /* Portfolio */ = {
			isa = PBXGroup;
			children = (
				92D2AF392A7EFDC900FC7890 /* Info.plist */,
				92E76B652A7E7F5A000129B8 /* PortfolioApp.swift */,
				92D2AF372A7EED4E00FC7890 /* DataController.swift */,
				924647CB2A881DDE0087AC70 /* SidebarView.swift */,
				92E76B672A7E7F5A000129B8 /* ContentView.swift */,
				924647CD2A881DE50087AC70 /* DetailView.swift */,
				924647CF2A881F040087AC70 /* Filter.swift */,
				922AA7C52A88276000CB8ABA /* Issue-CoreDataHelpers.swift */,
				922AA7C72A8828E500CB8ABA /* Tag-CoreDataHelpers.swift */,
				92D2AF342A7EE9A000FC7890 /* Main.xcdatamodeld */,
				92E76B692A7E7F5D000129B8 /* Assets.xcassets */,
				92E76B6B2A7E7F5D000129B8 /* Portfolio.entitlements */,
				92E76B6C2A7E7F5D000129B8 /* Preview Content */,
			);
			path = Portfolio;
			sourceTree = "<group>";
		};
		92E76B6C2A7E7F5D000129B8 /* Preview Content */ = {
			isa = PBXGroup;
			children = (
				92E76B6D2A7E7F5D000129B8 /* Preview Assets.xcassets */,
			);
			path = "Preview Content";
			sourceTree = "<group>";
		};
/* End PBXGroup section */

/* Begin PBXNativeTarget section */
		92E76B612A7E7F5A000129B8 /* Portfolio */ = {
			isa = PBXNativeTarget;
			buildConfigurationList = 92E76B712A7E7F5D000129B8 /* Build configuration list for PBXNativeTarget "Portfolio" */;
			buildPhases = (
				92E76B5E2A7E7F5A000129B8 /* Sources */,
				92E76B5F2A7E7F5A000129B8 /* Frameworks */,
				92E76B602A7E7F5A000129B8 /* Resources */,
			);
			buildRules = (
			);
			dependencies = (
			);
			name = Portfolio;
			productName = Portfolio;
			productReference = 92E76B622A7E7F5A000129B8 /* Portfolio.app */;
			productType = "com.apple.product-type.application";
		};
/* End PBXNativeTarget section */

/* Begin PBXProject section */
		92E76B5A2A7E7F5A000129B8 /* Project object */ = {
			isa = PBXProject;
			attributes = {
				BuildIndependentTargetsInParallel = 1;
				LastSwiftUpdateCheck = 1500;
				LastUpgradeCheck = 1500;
				TargetAttributes = {
					92E76B612A7E7F5A000129B8 = {
						CreatedOnToolsVersion = 15.0;
					};
				};
			};
			buildConfigurationList = 92E76B5D2A7E7F5A000129B8 /* Build configuration list for PBXProject "Portfolio" */;
			compatibilityVersion = "Xcode 14.0";
			developmentRegion = en;
			hasScannedForEncodings = 0;
			knownRegions = (
				en,
				Base,
			);
			mainGroup = 92E76B592A7E7F5A000129B8;
			productRefGroup = 92E76B632A7E7F5A000129B8 /* Products */;
			projectDirPath = "";
			projectRoot = "";
			targets = (
				92E76B612A7E7F5A000129B8 /* Portfolio */,
			);
		};
/* End PBXProject section */

/* Begin PBXResourcesBuildPhase section */
		92E76B602A7E7F5A000129B8 /* Resources */ = {
			isa = PBXResourcesBuildPhase;
			buildActionMask = 2147483647;
			files = (
				92E76B6E2A7E7F5D000129B8 /* Preview Assets.xcassets in Resources */,
				92E76B6A2A7E7F5D000129B8 /* Assets.xcassets in Resources */,
			);
			runOnlyForDeploymentPostprocessing = 0;
		};
/* End PBXResourcesBuildPhase section */

/* Begin PBXSourcesBuildPhase section */
		92E76B5E2A7E7F5A000129B8 /* Sources */ = {
			isa = PBXSourcesBuildPhase;
			buildActionMask = 2147483647;
			files = (
				924647D02A881F040087AC70 /* Filter.swift in Sources */,
				92D2AF362A7EE9A000FC7890 /* Main.xcdatamodeld in Sources */,
				922AA7C62A88276000CB8ABA /* Issue-CoreDataHelpers.swift in Sources */,
				924647CE2A881DE50087AC70 /* DetailView.swift in Sources */,
				92D2AF382A7EED4E00FC7890 /* DataController.swift in Sources */,
				924647CC2A881DDE0087AC70 /* SidebarView.swift in Sources */,
				922AA7C82A8828E500CB8ABA /* Tag-CoreDataHelpers.swift in Sources */,
				92E76B682A7E7F5A000129B8 /* ContentView.swift in Sources */,
				92E76B662A7E7F5A000129B8 /* PortfolioApp.swift in Sources */,
			);
			runOnlyForDeploymentPostprocessing = 0;
		};
/* End PBXSourcesBuildPhase section */

/* Begin XCBuildConfiguration section */
		92E76B6F2A7E7F5D000129B8 /* Debug */ = {
			isa = XCBuildConfiguration;
			buildSettings = {
				ALWAYS_SEARCH_USER_PATHS = NO;
				ASSETCATALOG_COMPILER_GENERATE_SWIFT_ASSET_SYMBOL_EXTENSIONS = YES;
				CLANG_ANALYZER_NONNULL = YES;
				CLANG_ANALYZER_NUMBER_OBJECT_CONVERSION = YES_AGGRESSIVE;
				CLANG_CXX_LANGUAGE_STANDARD = "gnu++20";
				CLANG_ENABLE_MODULES = YES;
				CLANG_ENABLE_OBJC_ARC = YES;
				CLANG_ENABLE_OBJC_WEAK = YES;
				CLANG_WARN_BLOCK_CAPTURE_AUTORELEASING = YES;
				CLANG_WARN_BOOL_CONVERSION = YES;
				CLANG_WARN_COMMA = YES;
				CLANG_WARN_CONSTANT_CONVERSION = YES;
				CLANG_WARN_DEPRECATED_OBJC_IMPLEMENTATIONS = YES;
				CLANG_WARN_DIRECT_OBJC_ISA_USAGE = YES_ERROR;
				CLANG_WARN_DOCUMENTATION_COMMENTS = YES;
				CLANG_WARN_EMPTY_BODY = YES;
				CLANG_WARN_ENUM_CONVERSION = YES;
				CLANG_WARN_INFINITE_RECURSION = YES;
				CLANG_WARN_INT_CONVERSION = YES;
				CLANG_WARN_NON_LITERAL_NULL_CONVERSION = YES;
				CLANG_WARN_OBJC_IMPLICIT_RETAIN_SELF = YES;
				CLANG_WARN_OBJC_LITERAL_CONVERSION = YES;
				CLANG_WARN_OBJC_ROOT_CLASS = YES_ERROR;
				CLANG_WARN_QUOTED_INCLUDE_IN_FRAMEWORK_HEADER = YES;
				CLANG_WARN_RANGE_LOOP_ANALYSIS = YES;
				CLANG_WARN_STRICT_PROTOTYPES = YES;
				CLANG_WARN_SUSPICIOUS_MOVE = YES;
				CLANG_WARN_UNGUARDED_AVAILABILITY = YES_AGGRESSIVE;
				CLANG_WARN_UNREACHABLE_CODE = YES;
				CLANG_WARN__DUPLICATE_METHOD_MATCH = YES;
				COPY_PHASE_STRIP = NO;
				DEBUG_INFORMATION_FORMAT = dwarf;
				ENABLE_STRICT_OBJC_MSGSEND = YES;
				ENABLE_TESTABILITY = YES;
				ENABLE_USER_SCRIPT_SANDBOXING = YES;
				GCC_C_LANGUAGE_STANDARD = gnu17;
				GCC_DYNAMIC_NO_PIC = NO;
				GCC_NO_COMMON_BLOCKS = YES;
				GCC_OPTIMIZATION_LEVEL = 0;
				GCC_PREPROCESSOR_DEFINITIONS = (
					"DEBUG=1",
					"$(inherited)",
				);
				GCC_WARN_64_TO_32_BIT_CONVERSION = YES;
				GCC_WARN_ABOUT_RETURN_TYPE = YES_ERROR;
				GCC_WARN_UNDECLARED_SELECTOR = YES;
				GCC_WARN_UNINITIALIZED_AUTOS = YES_AGGRESSIVE;
				GCC_WARN_UNUSED_FUNCTION = YES;
				GCC_WARN_UNUSED_VARIABLE = YES;
				LOCALIZATION_PREFERS_STRING_CATALOGS = YES;
				MTL_ENABLE_DEBUG_INFO = INCLUDE_SOURCE;
				MTL_FAST_MATH = YES;
				ONLY_ACTIVE_ARCH = YES;
				SWIFT_ACTIVE_COMPILATION_CONDITIONS = "DEBUG $(inherited)";
				SWIFT_OPTIMIZATION_LEVEL = "-Onone";
			};
			name = Debug;
		};
		92E76B702A7E7F5D000129B8 /* Release */ = {
			isa = XCBuildConfiguration;
			buildSettings = {
				ALWAYS_SEARCH_USER_PATHS = NO;
				ASSETCATALOG_COMPILER_GENERATE_SWIFT_ASSET_SYMBOL_EXTENSIONS = YES;
				CLANG_ANALYZER_NONNULL = YES;
				CLANG_ANALYZER_NUMBER_OBJECT_CONVERSION = YES_AGGRESSIVE;
				CLANG_CXX_LANGUAGE_STANDARD = "gnu++20";
				CLANG_ENABLE_MODULES = YES;
				CLANG_ENABLE_OBJC_ARC = YES;
				CLANG_ENABLE_OBJC_WEAK = YES;
				CLANG_WARN_BLOCK_CAPTURE_AUTORELEASING = YES;
				CLANG_WARN_BOOL_CONVERSION = YES;
				CLANG_WARN_COMMA = YES;
				CLANG_WARN_CONSTANT_CONVERSION = YES;
				CLANG_WARN_DEPRECATED_OBJC_IMPLEMENTATIONS = YES;
				CLANG_WARN_DIRECT_OBJC_ISA_USAGE = YES_ERROR;
				CLANG_WARN_DOCUMENTATION_COMMENTS = YES;
				CLANG_WARN_EMPTY_BODY = YES;
				CLANG_WARN_ENUM_CONVERSION = YES;
				CLANG_WARN_INFINITE_RECURSION = YES;
				CLANG_WARN_INT_CONVERSION = YES;
				CLANG_WARN_NON_LITERAL_NULL_CONVERSION = YES;
				CLANG_WARN_OBJC_IMPLICIT_RETAIN_SELF = YES;
				CLANG_WARN_OBJC_LITERAL_CONVERSION = YES;
				CLANG_WARN_OBJC_ROOT_CLASS = YES_ERROR;
				CLANG_WARN_QUOTED_INCLUDE_IN_FRAMEWORK_HEADER = YES;
				CLANG_WARN_RANGE_LOOP_ANALYSIS = YES;
				CLANG_WARN_STRICT_PROTOTYPES = YES;
				CLANG_WARN_SUSPICIOUS_MOVE = YES;
				CLANG_WARN_UNGUARDED_AVAILABILITY = YES_AGGRESSIVE;
				CLANG_WARN_UNREACHABLE_CODE = YES;
				CLANG_WARN__DUPLICATE_METHOD_MATCH = YES;
				COPY_PHASE_STRIP = NO;
				DEBUG_INFORMATION_FORMAT = "dwarf-with-dsym";
				ENABLE_NS_ASSERTIONS = NO;
				ENABLE_STRICT_OBJC_MSGSEND = YES;
				ENABLE_USER_SCRIPT_SANDBOXING = YES;
				GCC_C_LANGUAGE_STANDARD = gnu17;
				GCC_NO_COMMON_BLOCKS = YES;
				GCC_WARN_64_TO_32_BIT_CONVERSION = YES;
				GCC_WARN_ABOUT_RETURN_TYPE = YES_ERROR;
				GCC_WARN_UNDECLARED_SELECTOR = YES;
				GCC_WARN_UNINITIALIZED_AUTOS = YES_AGGRESSIVE;
				GCC_WARN_UNUSED_FUNCTION = YES;
				GCC_WARN_UNUSED_VARIABLE = YES;
				LOCALIZATION_PREFERS_STRING_CATALOGS = YES;
				MTL_ENABLE_DEBUG_INFO = NO;
				MTL_FAST_MATH = YES;
				SWIFT_COMPILATION_MODE = wholemodule;
			};
			name = Release;
		};
		92E76B722A7E7F5D000129B8 /* Debug */ = {
			isa = XCBuildConfiguration;
			buildSettings = {
				ASSETCATALOG_COMPILER_APPICON_NAME = AppIcon;
				ASSETCATALOG_COMPILER_GLOBAL_ACCENT_COLOR_NAME = AccentColor;
				CODE_SIGN_ENTITLEMENTS = Portfolio/Portfolio.entitlements;
				CODE_SIGN_STYLE = Automatic;
				CURRENT_PROJECT_VERSION = 1;
				DEVELOPMENT_ASSET_PATHS = "\"Portfolio/Preview Content\"";
				DEVELOPMENT_TEAM = 43V9S429VB;
				ENABLE_HARDENED_RUNTIME = YES;
				ENABLE_PREVIEWS = YES;
				GENERATE_INFOPLIST_FILE = YES;
				INFOPLIST_FILE = Portfolio/Info.plist;
				"INFOPLIST_KEY_UIApplicationSceneManifest_Generation[sdk=iphoneos*]" = YES;
				"INFOPLIST_KEY_UIApplicationSceneManifest_Generation[sdk=iphonesimulator*]" = YES;
				"INFOPLIST_KEY_UIApplicationSupportsIndirectInputEvents[sdk=iphoneos*]" = YES;
				"INFOPLIST_KEY_UIApplicationSupportsIndirectInputEvents[sdk=iphonesimulator*]" = YES;
				"INFOPLIST_KEY_UILaunchScreen_Generation[sdk=iphoneos*]" = YES;
				"INFOPLIST_KEY_UILaunchScreen_Generation[sdk=iphonesimulator*]" = YES;
				"INFOPLIST_KEY_UIStatusBarStyle[sdk=iphoneos*]" = UIStatusBarStyleDefault;
				"INFOPLIST_KEY_UIStatusBarStyle[sdk=iphonesimulator*]" = UIStatusBarStyleDefault;
				INFOPLIST_KEY_UISupportedInterfaceOrientations_iPad = "UIInterfaceOrientationPortrait UIInterfaceOrientationPortraitUpsideDown UIInterfaceOrientationLandscapeLeft UIInterfaceOrientationLandscapeRight";
				INFOPLIST_KEY_UISupportedInterfaceOrientations_iPhone = "UIInterfaceOrientationPortrait UIInterfaceOrientationLandscapeLeft UIInterfaceOrientationLandscapeRight";
				IPHONEOS_DEPLOYMENT_TARGET = 17.0;
				LD_RUNPATH_SEARCH_PATHS = "@executable_path/Frameworks";
				"LD_RUNPATH_SEARCH_PATHS[sdk=macosx*]" = "@executable_path/../Frameworks";
				MACOSX_DEPLOYMENT_TARGET = 14.0;
				MARKETING_VERSION = 1.0;
				PRODUCT_BUNDLE_IDENTIFIER = com.zachwhittle.Portfolio;
				PRODUCT_NAME = "$(TARGET_NAME)";
				SDKROOT = auto;
				SUPPORTED_PLATFORMS = "iphoneos iphonesimulator macosx";
				SWIFT_EMIT_LOC_STRINGS = YES;
				SWIFT_VERSION = 5.0;
				TARGETED_DEVICE_FAMILY = "1,2";
			};
			name = Debug;
		};
		92E76B732A7E7F5D000129B8 /* Release */ = {
			isa = XCBuildConfiguration;
			buildSettings = {
				ASSETCATALOG_COMPILER_APPICON_NAME = AppIcon;
				ASSETCATALOG_COMPILER_GLOBAL_ACCENT_COLOR_NAME = AccentColor;
				CODE_SIGN_ENTITLEMENTS = Portfolio/Portfolio.entitlements;
				CODE_SIGN_STYLE = Automatic;
				CURRENT_PROJECT_VERSION = 1;
				DEVELOPMENT_ASSET_PATHS = "\"Portfolio/Preview Content\"";
				DEVELOPMENT_TEAM = 43V9S429VB;
				ENABLE_HARDENED_RUNTIME = YES;
				ENABLE_PREVIEWS = YES;
				GENERATE_INFOPLIST_FILE = YES;
				INFOPLIST_FILE = Portfolio/Info.plist;
				"INFOPLIST_KEY_UIApplicationSceneManifest_Generation[sdk=iphoneos*]" = YES;
				"INFOPLIST_KEY_UIApplicationSceneManifest_Generation[sdk=iphonesimulator*]" = YES;
				"INFOPLIST_KEY_UIApplicationSupportsIndirectInputEvents[sdk=iphoneos*]" = YES;
				"INFOPLIST_KEY_UIApplicationSupportsIndirectInputEvents[sdk=iphonesimulator*]" = YES;
				"INFOPLIST_KEY_UILaunchScreen_Generation[sdk=iphoneos*]" = YES;
				"INFOPLIST_KEY_UILaunchScreen_Generation[sdk=iphonesimulator*]" = YES;
				"INFOPLIST_KEY_UIStatusBarStyle[sdk=iphoneos*]" = UIStatusBarStyleDefault;
				"INFOPLIST_KEY_UIStatusBarStyle[sdk=iphonesimulator*]" = UIStatusBarStyleDefault;
				INFOPLIST_KEY_UISupportedInterfaceOrientations_iPad = "UIInterfaceOrientationPortrait UIInterfaceOrientationPortraitUpsideDown UIInterfaceOrientationLandscapeLeft UIInterfaceOrientationLandscapeRight";
				INFOPLIST_KEY_UISupportedInterfaceOrientations_iPhone = "UIInterfaceOrientationPortrait UIInterfaceOrientationLandscapeLeft UIInterfaceOrientationLandscapeRight";
				IPHONEOS_DEPLOYMENT_TARGET = 17.0;
				LD_RUNPATH_SEARCH_PATHS = "@executable_path/Frameworks";
				"LD_RUNPATH_SEARCH_PATHS[sdk=macosx*]" = "@executable_path/../Frameworks";
				MACOSX_DEPLOYMENT_TARGET = 14.0;
				MARKETING_VERSION = 1.0;
				PRODUCT_BUNDLE_IDENTIFIER = com.zachwhittle.Portfolio;
				PRODUCT_NAME = "$(TARGET_NAME)";
				SDKROOT = auto;
				SUPPORTED_PLATFORMS = "iphoneos iphonesimulator macosx";
				SWIFT_EMIT_LOC_STRINGS = YES;
				SWIFT_VERSION = 5.0;
				TARGETED_DEVICE_FAMILY = "1,2";
			};
			name = Release;
		};
/* End XCBuildConfiguration section */

/* Begin XCConfigurationList section */
		92E76B5D2A7E7F5A000129B8 /* Build configuration list for PBXProject "Portfolio" */ = {
			isa = XCConfigurationList;
			buildConfigurations = (
				92E76B6F2A7E7F5D000129B8 /* Debug */,
				92E76B702A7E7F5D000129B8 /* Release */,
			);
			defaultConfigurationIsVisible = 0;
			defaultConfigurationName = Release;
		};
		92E76B712A7E7F5D000129B8 /* Build configuration list for PBXNativeTarget "Portfolio" */ = {
			isa = XCConfigurationList;
			buildConfigurations = (
				92E76B722A7E7F5D000129B8 /* Debug */,
				92E76B732A7E7F5D000129B8 /* Release */,
			);
			defaultConfigurationIsVisible = 0;
			defaultConfigurationName = Release;
		};
/* End XCConfigurationList section */

/* Begin XCVersionGroup section */
		92D2AF342A7EE9A000FC7890 /* Main.xcdatamodeld */ = {
			isa = XCVersionGroup;
			children = (
				92D2AF352A7EE9A000FC7890 /* Main.xcdatamodel */,
			);
			currentVersion = 92D2AF352A7EE9A000FC7890 /* Main.xcdatamodel */;
			path = Main.xcdatamodeld;
			sourceTree = "<group>";
			versionGroupType = wrapper.xcdatamodel;
		};
/* End XCVersionGroup section */
	};
	rootObject = 92E76B5A2A7E7F5A000129B8 /* Project object */;
}
